
Microsoft Visual Studio Solution File, Format Version 12.00
# Visual Studio Version 17
VisualStudioVersion = 17.13.36105.23 d17.13
MinimumVisualStudioVersion = 10.0.40219.1
Project("{FAE04EC0-301F-11D3-BF4B-00C04F79EFBC}") = "Wallet.API", "Wallet.API.csproj", "{344C5713-0751-4140-A0E6-78728335CDDD}"
EndProject
Project("{FAE04EC0-301F-11D3-BF4B-00C04F79EFBC}") = "Wallet.Domain", "..\Wallet.Domain\Wallet.Domain.csproj", "{6942FE9A-D597-4640-90F7-5D9A8FEF4D65}"
EndProject
Project("{FAE04EC0-301F-11D3-BF4B-00C04F79EFBC}") = "Wallet.Infrastructure", "..\Wallet.Infrastructure\Wallet.Infrastructure.csproj", "{120FC4A8-11D5-4F8A-9388-0F57535172B5}"
EndProject
Project("{FAE04EC0-301F-11D3-BF4B-00C04F79EFBC}") = "Wallet.Services", "..\Wallet.Services\Wallet.Services.csproj", "{A78704B4-16B6-4B6D-A184-3EECE895F163}"
EndProject
Project("{FAE04EC0-301F-11D3-BF4B-00C04F79EFBC}") = "Wallet.Core", "..\Wallet.Core\Wallet.Core.csproj", "{3290FAAD-E3E9-4AC6-AEA6-ED318BE5DCD9}"
EndProject
Global
	GlobalSection(SolutionConfigurationPlatforms) = preSolution
		Debug|Any CPU = Debug|Any CPU
		Release|Any CPU = Release|Any CPU
	EndGlobalSection
	GlobalSection(ProjectConfigurationPlatforms) = postSolution
		{344C5713-0751-4140-A0E6-78728335CDDD}.Debug|Any CPU.ActiveCfg = Debug|Any CPU
		{344C5713-0751-4140-A0E6-78728335CDDD}.Debug|Any CPU.Build.0 = Debug|Any CPU
		{344C5713-0751-4140-A0E6-78728335CDDD}.Release|Any CPU.ActiveCfg = Release|Any CPU
		{344C5713-0751-4140-A0E6-78728335CDDD}.Release|Any CPU.Build.0 = Release|Any CPU
		{6942FE9A-D597-4640-90F7-5D9A8FEF4D65}.Debug|Any CPU.ActiveCfg = Debug|Any CPU
		{6942FE9A-D597-4640-90F7-5D9A8FEF4D65}.Debug|Any CPU.Build.0 = Debug|Any CPU
		{6942FE9A-D597-4640-90F7-5D9A8FEF4D65}.Release|Any CPU.ActiveCfg = Release|Any CPU
		{6942FE9A-D597-4640-90F7-5D9A8FEF4D65}.Release|Any CPU.Build.0 = Release|Any CPU
		{120FC4A8-11D5-4F8A-9388-0F57535172B5}.Debug|Any CPU.ActiveCfg = Debug|Any CPU
		{120FC4A8-11D5-4F8A-9388-0F57535172B5}.Debug|Any CPU.Build.0 = Debug|Any CPU
		{120FC4A8-11D5-4F8A-9388-0F57535172B5}.Release|Any CPU.ActiveCfg = Release|Any CPU
		{120FC4A8-11D5-4F8A-9388-0F57535172B5}.Release|Any CPU.Build.0 = Release|Any CPU
		{A78704B4-16B6-4B6D-A184-3EECE895F163}.Debug|Any CPU.ActiveCfg = Debug|Any CPU
		{A78704B4-16B6-4B6D-A184-3EECE895F163}.Debug|Any CPU.Build.0 = Debug|Any CPU
		{A78704B4-16B6-4B6D-A184-3EECE895F163}.Release|Any CPU.ActiveCfg = Release|Any CPU
		{A78704B4-16B6-4B6D-A184-3EECE895F163}.Release|Any CPU.Build.0 = Release|Any CPU
		{3290FAAD-E3E9-4AC6-AEA6-ED318BE5DCD9}.Debug|Any CPU.ActiveCfg = Debug|Any CPU
		{3290FAAD-E3E9-4AC6-AEA6-ED318BE5DCD9}.Debug|Any CPU.Build.0 = Debug|Any CPU
		{3290FAAD-E3E9-4AC6-AEA6-ED318BE5DCD9}.Release|Any CPU.ActiveCfg = Release|Any CPU
		{3290FAAD-E3E9-4AC6-AEA6-ED318BE5DCD9}.Release|Any CPU.Build.0 = Release|Any CPU
	EndGlobalSection
	GlobalSection(SolutionProperties) = preSolution
		HideSolutionNode = FALSE
	EndGlobalSection
	GlobalSection(ExtensibilityGlobals) = postSolution
		SolutionGuid = {F5B4B0D6-BC3E-4C29-9E0A-B238BC334C91}
	EndGlobalSection
EndGlobal
